# This file is autogenerated, do not edit; changes may be undone by the next 'dep ensure'.


[[projects]]
  branch = "master"
  name = "github.com/lestrrat/go-jwx"
  packages = ["buffer","internal/concatkdf","internal/debug","internal/emap","internal/padbuf","jwa","jwe","jwe/aescbc","jwk","jwt"]
  revision = "10335d0ed76ac4161f6015f9e1a4e06a1ea3a795"

[[projects]]
  name = "github.com/lpar/serial"
  packages = ["."]
  revision = "63434b4004341dd45fc398aebbb1923afb2dfea3"
  version = "v1.0.0"

[[projects]]
  name = "github.com/pkg/errors"
  packages = ["."]
  revision = "645ef00459ed84a119197bfb8d8205042c6df63d"
  version = "v0.8.0"

[solve-meta]
  analyzer-name = "dep"
  analyzer-version = 1
  inputs-digest = "014202b5ae4cbba7a58e922edcd3a355cceda3495a4cacad1630a5bed205015e"
  solver-name = "gps-cdcl"
  solver-version = 1
